
Microsoft Visual Studio Solution File, Format Version 12.00
# Visual Studio Version 16
VisualStudioVersion = 16.0.29806.167
MinimumVisualStudioVersion = 10.0.40219.1
Project("{FAE04EC0-301F-11D3-BF4B-00C04F79EFBC}") = "BlazorServerApp", "BlazorServerApp\BlazorServerApp.csproj", "{A59EEE61-A671-4CA1-BE4E-87929DA3CE0E}"
EndProject
Project("{FAE04EC0-301F-11D3-BF4B-00C04F79EFBC}") = "BlazorWasmApp", "BlazorWasmApp\BlazorWasmApp.csproj", "{A8CEFEC7-D1E7-40A5-A52D-39E0C97F8807}"
EndProject
Project("{FAE04EC0-301F-11D3-BF4B-00C04F79EFBC}") = "BlazorWasmAppHosted.Server", "BlazorWasmAppHosted\Server\BlazorWasmAppHosted.Server.csproj", "{5A5658B5-B13E-4DF1-B05A-F47BBFA484FE}"
EndProject
Project("{FAE04EC0-301F-11D3-BF4B-00C04F79EFBC}") = "BlazorWasmAppHosted.Client", "BlazorWasmAppHosted\Client\BlazorWasmAppHosted.Client.csproj", "{45889935-8862-464F-B30A-9E48BEA64BA4}"
EndProject
Project("{FAE04EC0-301F-11D3-BF4B-00C04F79EFBC}") = "BlazorWasmAppHosted.Shared", "BlazorWasmAppHosted\Shared\BlazorWasmAppHosted.Shared.csproj", "{B6568F6E-A254-4264-A058-E69020D1C253}"
EndProject
Global
	GlobalSection(SolutionConfigurationPlatforms) = preSolution
		Debug|Any CPU = Debug|Any CPU
		Release|Any CPU = Release|Any CPU
	EndGlobalSection
	GlobalSection(ProjectConfigurationPlatforms) = postSolution
		{A59EEE61-A671-4CA1-BE4E-87929DA3CE0E}.Debug|Any CPU.ActiveCfg = Debug|Any CPU
		{A59EEE61-A671-4CA1-BE4E-87929DA3CE0E}.Debug|Any CPU.Build.0 = Debug|Any CPU
		{A59EEE61-A671-4CA1-BE4E-87929DA3CE0E}.Release|Any CPU.ActiveCfg = Release|Any CPU
		{A59EEE61-A671-4CA1-BE4E-87929DA3CE0E}.Release|Any CPU.Build.0 = Release|Any CPU
		{A8CEFEC7-D1E7-40A5-A52D-39E0C97F8807}.Debug|Any CPU.ActiveCfg = Debug|Any CPU
		{A8CEFEC7-D1E7-40A5-A52D-39E0C97F8807}.Debug|Any CPU.Build.0 = Debug|Any CPU
		{A8CEFEC7-D1E7-40A5-A52D-39E0C97F8807}.Release|Any CPU.ActiveCfg = Release|Any CPU
		{A8CEFEC7-D1E7-40A5-A52D-39E0C97F8807}.Release|Any CPU.Build.0 = Release|Any CPU
		{5A5658B5-B13E-4DF1-B05A-F47BBFA484FE}.Debug|Any CPU.ActiveCfg = Debug|Any CPU
		{5A5658B5-B13E-4DF1-B05A-F47BBFA484FE}.Debug|Any CPU.Build.0 = Debug|Any CPU
		{5A5658B5-B13E-4DF1-B05A-F47BBFA484FE}.Release|Any CPU.ActiveCfg = Release|Any CPU
		{5A5658B5-B13E-4DF1-B05A-F47BBFA484FE}.Release|Any CPU.Build.0 = Release|Any CPU
		{45889935-8862-464F-B30A-9E48BEA64BA4}.Debug|Any CPU.ActiveCfg = Debug|Any CPU
		{45889935-8862-464F-B30A-9E48BEA64BA4}.Debug|Any CPU.Build.0 = Debug|Any CPU
		{45889935-8862-464F-B30A-9E48BEA64BA4}.Release|Any CPU.ActiveCfg = Release|Any CPU
		{45889935-8862-464F-B30A-9E48BEA64BA4}.Release|Any CPU.Build.0 = Release|Any CPU
		{B6568F6E-A254-4264-A058-E69020D1C253}.Debug|Any CPU.ActiveCfg = Debug|Any CPU
		{B6568F6E-A254-4264-A058-E69020D1C253}.Debug|Any CPU.Build.0 = Debug|Any CPU
		{B6568F6E-A254-4264-A058-E69020D1C253}.Release|Any CPU.ActiveCfg = Release|Any CPU
		{B6568F6E-A254-4264-A058-E69020D1C253}.Release|Any CPU.Build.0 = Release|Any CPU
	EndGlobalSection
	GlobalSection(SolutionProperties) = preSolution
		HideSolutionNode = FALSE
	EndGlobalSection
	GlobalSection(ExtensibilityGlobals) = postSolution
		SolutionGuid = {1F4D7098-F300-496A-845A-AFF987F4DB10}
	EndGlobalSection
EndGlobal
